PODS:
  - Alamofire (4.9.1)
  - KontaktSDK (2.0.1)

DEPENDENCIES:
  - Alamofire (~> 4.3)
  - KontaktSDK (~> 2.0)

SPEC REPOS:
  trunk:
    - Alamofire
    - KontaktSDK

SPEC CHECKSUMS:
  Alamofire: 85e8a02c69d6020a0d734f6054870d7ecb75cf18
  KontaktSDK: 7dc507f20c8821d13132c6ec09089972e9b8bf5b

PODFILE CHECKSUM: 0694efa8283b0bff1990b0236e8ad307aa111d0c

COCOAPODS: 1.10.1
