PODS:
  - Alamofire (4.7.3)
  - KontaktSDK (2.0.1)

DEPENDENCIES:
  - Alamofire (~> 4.3)
  - KontaktSDK (~> 2.0)

SPEC REPOS:
  https://github.com/cocoapods/specs.git:
    - Alamofire
    - KontaktSDK

SPEC CHECKSUMS:
  Alamofire: c7287b6e5d7da964a70935e5db17046b7fde6568
  KontaktSDK: 7dc507f20c8821d13132c6ec09089972e9b8bf5b

PODFILE CHECKSUM: 3037926e42ef15f0c9960b69c6b9d0d792e32b77

COCOAPODS: 1.6.1
