// !$*UTF8*$!
{
	archiveVersion = 1;
	classes = {
	};
	objectVersion = 50;
	objects = {

/* Begin PBXBuildFile section */
		31368EC62231681800C89085 /* CoreData.framework in Frameworks */ = {isa = PBXBuildFile; fileRef = 31368EC52231681800C89085 /* CoreData.framework */; };
		31368ECC22316EB000C89085 /* Beacon.xcdatamodeld in Sources */ = {isa = PBXBuildFile; fileRef = 31368ECA22316EB000C89085 /* Beacon.xcdatamodeld */; };
		31368ECF22316F3000C89085 /* Beacon+CoreDataClass.swift in Sources */ = {isa = PBXBuildFile; fileRef = 31368ECD22316F3000C89085 /* Beacon+CoreDataClass.swift */; };
		31368ED022316F3000C89085 /* Beacon+CoreDataProperties.swift in Sources */ = {isa = PBXBuildFile; fileRef = 31368ECE22316F3000C89085 /* Beacon+CoreDataProperties.swift */; };
		31368ED22231736100C89085 /* NearbyBeaconManager.swift in Sources */ = {isa = PBXBuildFile; fileRef = 31368ED12231736100C89085 /* NearbyBeaconManager.swift */; };
		31368ED7223176B100C89085 /* NSPersistentContainer+Defaults.swift in Sources */ = {isa = PBXBuildFile; fileRef = 31368ED6223176B100C89085 /* NSPersistentContainer+Defaults.swift */; };
		66F8B1AC568A0E528A928384 /* Pods_SDK_iOS.framework in Frameworks */ = {isa = PBXBuildFile; fileRef = 70EC7B6CB3DD1F7335BB2826 /* Pods_SDK_iOS.framework */; };
/* End PBXBuildFile section */

/* Begin PBXCopyFilesBuildPhase section */
		31368EB82231331000C89085 /* CopyFiles */ = {
			isa = PBXCopyFilesBuildPhase;
			buildActionMask = 2147483647;
			dstPath = "include/$(PRODUCT_NAME)";
			dstSubfolderSpec = 16;
			files = (
			);
			runOnlyForDeploymentPostprocessing = 0;
		};
/* End PBXCopyFilesBuildPhase section */

/* Begin PBXFileReference section */
		2805380B53589575CAA67E93 /* Pods-SDK iOS.debug.xcconfig */ = {isa = PBXFileReference; includeInIndex = 1; lastKnownFileType = text.xcconfig; name = "Pods-SDK iOS.debug.xcconfig"; path = "Target Support Files/Pods-SDK iOS/Pods-SDK iOS.debug.xcconfig"; sourceTree = "<group>"; };
		31368EBA2231331000C89085 /* libSDK iOS.a */ = {isa = PBXFileReference; explicitFileType = archive.ar; includeInIndex = 0; path = "libSDK iOS.a"; sourceTree = BUILT_PRODUCTS_DIR; };
		31368EC52231681800C89085 /* CoreData.framework */ = {isa = PBXFileReference; lastKnownFileType = wrapper.framework; name = CoreData.framework; path = System/Library/Frameworks/CoreData.framework; sourceTree = SDKROOT; };
		31368ECB22316EB000C89085 /* Beacon.xcdatamodel */ = {isa = PBXFileReference; lastKnownFileType = wrapper.xcdatamodel; path = Beacon.xcdatamodel; sourceTree = "<group>"; };
		31368ECD22316F3000C89085 /* Beacon+CoreDataClass.swift */ = {isa = PBXFileReference; lastKnownFileType = sourcecode.swift; path = "Beacon+CoreDataClass.swift"; sourceTree = "<group>"; };
		31368ECE22316F3000C89085 /* Beacon+CoreDataProperties.swift */ = {isa = PBXFileReference; lastKnownFileType = sourcecode.swift; path = "Beacon+CoreDataProperties.swift"; sourceTree = "<group>"; };
		31368ED12231736100C89085 /* NearbyBeaconManager.swift */ = {isa = PBXFileReference; lastKnownFileType = sourcecode.swift; path = NearbyBeaconManager.swift; sourceTree = "<group>"; };
		31368ED6223176B100C89085 /* NSPersistentContainer+Defaults.swift */ = {isa = PBXFileReference; fileEncoding = 4; lastKnownFileType = sourcecode.swift; path = "NSPersistentContainer+Defaults.swift"; sourceTree = "<group>"; };
		70EC7B6CB3DD1F7335BB2826 /* Pods_SDK_iOS.framework */ = {isa = PBXFileReference; explicitFileType = wrapper.framework; includeInIndex = 0; path = Pods_SDK_iOS.framework; sourceTree = BUILT_PRODUCTS_DIR; };
		D944F6C96192689150FA2FB8 /* Pods-SDK iOS.release.xcconfig */ = {isa = PBXFileReference; includeInIndex = 1; lastKnownFileType = text.xcconfig; name = "Pods-SDK iOS.release.xcconfig"; path = "Target Support Files/Pods-SDK iOS/Pods-SDK iOS.release.xcconfig"; sourceTree = "<group>"; };
/* End PBXFileReference section */

/* Begin PBXFrameworksBuildPhase section */
		31368EB72231331000C89085 /* Frameworks */ = {
			isa = PBXFrameworksBuildPhase;
			buildActionMask = 2147483647;
			files = (
				31368EC62231681800C89085 /* CoreData.framework in Frameworks */,
				66F8B1AC568A0E528A928384 /* Pods_SDK_iOS.framework in Frameworks */,
			);
			runOnlyForDeploymentPostprocessing = 0;
		};
/* End PBXFrameworksBuildPhase section */

/* Begin PBXGroup section */
		31368EB12231331000C89085 = {
			isa = PBXGroup;
			children = (
				31368ED52231768100C89085 /* Helper */,
				31368EBC2231331000C89085 /* SDK iOS */,
				31368EBB2231331000C89085 /* Products */,
				31368EC42231681800C89085 /* Frameworks */,
				A6179A97ACC6EBD57667D91A /* Pods */,
			);
			sourceTree = "<group>";
		};
		31368EBB2231331000C89085 /* Products */ = {
			isa = PBXGroup;
			children = (
				31368EBA2231331000C89085 /* libSDK iOS.a */,
			);
			name = Products;
			sourceTree = "<group>";
		};
		31368EBC2231331000C89085 /* SDK iOS */ = {
			isa = PBXGroup;
			children = (
				31368ECD22316F3000C89085 /* Beacon+CoreDataClass.swift */,
				31368ECE22316F3000C89085 /* Beacon+CoreDataProperties.swift */,
				31368ECA22316EB000C89085 /* Beacon.xcdatamodeld */,
				31368ED12231736100C89085 /* NearbyBeaconManager.swift */,
			);
			path = "SDK iOS";
			sourceTree = "<group>";
		};
		31368EC42231681800C89085 /* Frameworks */ = {
			isa = PBXGroup;
			children = (
				31368EC52231681800C89085 /* CoreData.framework */,
				70EC7B6CB3DD1F7335BB2826 /* Pods_SDK_iOS.framework */,
			);
			name = Frameworks;
			sourceTree = "<group>";
		};
		31368ED52231768100C89085 /* Helper */ = {
			isa = PBXGroup;
			children = (
				31368ED6223176B100C89085 /* NSPersistentContainer+Defaults.swift */,
			);
			path = Helper;
			sourceTree = "<group>";
		};
		A6179A97ACC6EBD57667D91A /* Pods */ = {
			isa = PBXGroup;
			children = (
				2805380B53589575CAA67E93 /* Pods-SDK iOS.debug.xcconfig */,
				D944F6C96192689150FA2FB8 /* Pods-SDK iOS.release.xcconfig */,
			);
			path = Pods;
			sourceTree = "<group>";
		};
/* End PBXGroup section */

/* Begin PBXNativeTarget section */
		31368EB92231331000C89085 /* SDK iOS */ = {
			isa = PBXNativeTarget;
			buildConfigurationList = 31368EC12231331000C89085 /* Build configuration list for PBXNativeTarget "SDK iOS" */;
			buildPhases = (
				55E2DD4C1D297AD7F02F4924 /* [CP] Check Pods Manifest.lock */,
				31368EB62231331000C89085 /* Sources */,
				31368EB72231331000C89085 /* Frameworks */,
				31368EB82231331000C89085 /* CopyFiles */,
			);
			buildRules = (
			);
			dependencies = (
			);
			name = "SDK iOS";
			productName = "SDK iOS";
			productReference = 31368EBA2231331000C89085 /* libSDK iOS.a */;
			productType = "com.apple.product-type.library.static";
		};
/* End PBXNativeTarget section */

/* Begin PBXProject section */
		31368EB22231331000C89085 /* Project object */ = {
			isa = PBXProject;
			attributes = {
				LastSwiftUpdateCheck = 1010;
				LastUpgradeCheck = 1010;
				ORGANIZATIONNAME = "Johannes Andrich";
				TargetAttributes = {
					31368EB92231331000C89085 = {
						CreatedOnToolsVersion = 10.1;
					};
				};
			};
			buildConfigurationList = 31368EB52231331000C89085 /* Build configuration list for PBXProject "SDK iOS" */;
			compatibilityVersion = "Xcode 9.3";
			developmentRegion = en;
			hasScannedForEncodings = 0;
			knownRegions = (
				en,
			);
			mainGroup = 31368EB12231331000C89085;
			productRefGroup = 31368EBB2231331000C89085 /* Products */;
			projectDirPath = "";
			projectRoot = "";
			targets = (
				31368EB92231331000C89085 /* SDK iOS */,
			);
		};
/* End PBXProject section */

/* Begin PBXShellScriptBuildPhase section */
		55E2DD4C1D297AD7F02F4924 /* [CP] Check Pods Manifest.lock */ = {
			isa = PBXShellScriptBuildPhase;
			buildActionMask = 2147483647;
			files = (
			);
			inputFileListPaths = (
			);
			inputPaths = (
				"${PODS_PODFILE_DIR_PATH}/Podfile.lock",
				"${PODS_ROOT}/Manifest.lock",
			);
			name = "[CP] Check Pods Manifest.lock";
			outputFileListPaths = (
			);
			outputPaths = (
				"$(DERIVED_FILE_DIR)/Pods-SDK iOS-checkManifestLockResult.txt",
			);
			runOnlyForDeploymentPostprocessing = 0;
			shellPath = /bin/sh;
			shellScript = "diff \"${PODS_PODFILE_DIR_PATH}/Podfile.lock\" \"${PODS_ROOT}/Manifest.lock\" > /dev/null\nif [ $? != 0 ] ; then\n    # print error to STDERR\n    echo \"error: The sandbox is not in sync with the Podfile.lock. Run 'pod install' or update your CocoaPods installation.\" >&2\n    exit 1\nfi\n# This output is used by Xcode 'outputs' to avoid re-running this script phase.\necho \"SUCCESS\" > \"${SCRIPT_OUTPUT_FILE_0}\"\n";
			showEnvVarsInLog = 0;
		};
/* End PBXShellScriptBuildPhase section */

/* Begin PBXSourcesBuildPhase section */
		31368EB62231331000C89085 /* Sources */ = {
			isa = PBXSourcesBuildPhase;
			buildActionMask = 2147483647;
			files = (
				31368ED7223176B100C89085 /* NSPersistentContainer+Defaults.swift in Sources */,
				31368ED022316F3000C89085 /* Beacon+CoreDataProperties.swift in Sources */,
				31368ED22231736100C89085 /* NearbyBeaconManager.swift in Sources */,
				31368ECC22316EB000C89085 /* Beacon.xcdatamodeld in Sources */,
				31368ECF22316F3000C89085 /* Beacon+CoreDataClass.swift in Sources */,
			);
			runOnlyForDeploymentPostprocessing = 0;
		};
/* End PBXSourcesBuildPhase section */

/* Begin XCBuildConfiguration section */
		31368EBF2231331000C89085 /* Debug */ = {
			isa = XCBuildConfiguration;
			buildSettings = {
				ALWAYS_SEARCH_USER_PATHS = NO;
				CLANG_ANALYZER_NONNULL = YES;
				CLANG_ANALYZER_NUMBER_OBJECT_CONVERSION = YES_AGGRESSIVE;
				CLANG_CXX_LANGUAGE_STANDARD = "gnu++14";
				CLANG_CXX_LIBRARY = "libc++";
				CLANG_ENABLE_MODULES = YES;
				CLANG_ENABLE_OBJC_ARC = YES;
				CLANG_ENABLE_OBJC_WEAK = YES;
				CLANG_WARN_BLOCK_CAPTURE_AUTORELEASING = YES;
				CLANG_WARN_BOOL_CONVERSION = YES;
				CLANG_WARN_COMMA = YES;
				CLANG_WARN_CONSTANT_CONVERSION = YES;
				CLANG_WARN_DEPRECATED_OBJC_IMPLEMENTATIONS = YES;
				CLANG_WARN_DIRECT_OBJC_ISA_USAGE = YES_ERROR;
				CLANG_WARN_DOCUMENTATION_COMMENTS = YES;
				CLANG_WARN_EMPTY_BODY = YES;
				CLANG_WARN_ENUM_CONVERSION = YES;
				CLANG_WARN_INFINITE_RECURSION = YES;
				CLANG_WARN_INT_CONVERSION = YES;
				CLANG_WARN_NON_LITERAL_NULL_CONVERSION = YES;
				CLANG_WARN_OBJC_IMPLICIT_RETAIN_SELF = YES;
				CLANG_WARN_OBJC_LITERAL_CONVERSION = YES;
				CLANG_WARN_OBJC_ROOT_CLASS = YES_ERROR;
				CLANG_WARN_RANGE_LOOP_ANALYSIS = YES;
				CLANG_WARN_STRICT_PROTOTYPES = YES;
				CLANG_WARN_SUSPICIOUS_MOVE = YES;
				CLANG_WARN_UNGUARDED_AVAILABILITY = YES_AGGRESSIVE;
				CLANG_WARN_UNREACHABLE_CODE = YES;
				CLANG_WARN__DUPLICATE_METHOD_MATCH = YES;
				CODE_SIGN_IDENTITY = "iPhone Developer";
				COPY_PHASE_STRIP = NO;
				DEBUG_INFORMATION_FORMAT = dwarf;
				ENABLE_STRICT_OBJC_MSGSEND = YES;
				ENABLE_TESTABILITY = YES;
				GCC_C_LANGUAGE_STANDARD = gnu11;
				GCC_DYNAMIC_NO_PIC = NO;
				GCC_NO_COMMON_BLOCKS = YES;
				GCC_OPTIMIZATION_LEVEL = 0;
				GCC_PREPROCESSOR_DEFINITIONS = (
					"DEBUG=1",
					"$(inherited)",
				);
				GCC_WARN_64_TO_32_BIT_CONVERSION = YES;
				GCC_WARN_ABOUT_RETURN_TYPE = YES_ERROR;
				GCC_WARN_UNDECLARED_SELECTOR = YES;
				GCC_WARN_UNINITIALIZED_AUTOS = YES_AGGRESSIVE;
				GCC_WARN_UNUSED_FUNCTION = YES;
				GCC_WARN_UNUSED_VARIABLE = YES;
				IPHONEOS_DEPLOYMENT_TARGET = 11.0;
				MTL_ENABLE_DEBUG_INFO = INCLUDE_SOURCE;
				MTL_FAST_MATH = YES;
				ONLY_ACTIVE_ARCH = YES;
				SDKROOT = iphoneos;
				SWIFT_ACTIVE_COMPILATION_CONDITIONS = DEBUG;
				SWIFT_OPTIMIZATION_LEVEL = "-Onone";
			};
			name = Debug;
		};
		31368EC02231331000C89085 /* Release */ = {
			isa = XCBuildConfiguration;
			buildSettings = {
				ALWAYS_SEARCH_USER_PATHS = NO;
				CLANG_ANALYZER_NONNULL = YES;
				CLANG_ANALYZER_NUMBER_OBJECT_CONVERSION = YES_AGGRESSIVE;
				CLANG_CXX_LANGUAGE_STANDARD = "gnu++14";
				CLANG_CXX_LIBRARY = "libc++";
				CLANG_ENABLE_MODULES = YES;
				CLANG_ENABLE_OBJC_ARC = YES;
				CLANG_ENABLE_OBJC_WEAK = YES;
				CLANG_WARN_BLOCK_CAPTURE_AUTORELEASING = YES;
				CLANG_WARN_BOOL_CONVERSION = YES;
				CLANG_WARN_COMMA = YES;
				CLANG_WARN_CONSTANT_CONVERSION = YES;
				CLANG_WARN_DEPRECATED_OBJC_IMPLEMENTATIONS = YES;
				CLANG_WARN_DIRECT_OBJC_ISA_USAGE = YES_ERROR;
				CLANG_WARN_DOCUMENTATION_COMMENTS = YES;
				CLANG_WARN_EMPTY_BODY = YES;
				CLANG_WARN_ENUM_CONVERSION = YES;
				CLANG_WARN_INFINITE_RECURSION = YES;
				CLANG_WARN_INT_CONVERSION = YES;
				CLANG_WARN_NON_LITERAL_NULL_CONVERSION = YES;
				CLANG_WARN_OBJC_IMPLICIT_RETAIN_SELF = YES;
				CLANG_WARN_OBJC_LITERAL_CONVERSION = YES;
				CLANG_WARN_OBJC_ROOT_CLASS = YES_ERROR;
				CLANG_WARN_RANGE_LOOP_ANALYSIS = YES;
				CLANG_WARN_STRICT_PROTOTYPES = YES;
				CLANG_WARN_SUSPICIOUS_MOVE = YES;
				CLANG_WARN_UNGUARDED_AVAILABILITY = YES_AGGRESSIVE;
				CLANG_WARN_UNREACHABLE_CODE = YES;
				CLANG_WARN__DUPLICATE_METHOD_MATCH = YES;
				CODE_SIGN_IDENTITY = "iPhone Developer";
				COPY_PHASE_STRIP = NO;
				DEBUG_INFORMATION_FORMAT = "dwarf-with-dsym";
				ENABLE_NS_ASSERTIONS = NO;
				ENABLE_STRICT_OBJC_MSGSEND = YES;
				GCC_C_LANGUAGE_STANDARD = gnu11;
				GCC_NO_COMMON_BLOCKS = YES;
				GCC_WARN_64_TO_32_BIT_CONVERSION = YES;
				GCC_WARN_ABOUT_RETURN_TYPE = YES_ERROR;
				GCC_WARN_UNDECLARED_SELECTOR = YES;
				GCC_WARN_UNINITIALIZED_AUTOS = YES_AGGRESSIVE;
				GCC_WARN_UNUSED_FUNCTION = YES;
				GCC_WARN_UNUSED_VARIABLE = YES;
				IPHONEOS_DEPLOYMENT_TARGET = 11.0;
				MTL_ENABLE_DEBUG_INFO = NO;
				MTL_FAST_MATH = YES;
				SDKROOT = iphoneos;
				SWIFT_COMPILATION_MODE = wholemodule;
				SWIFT_OPTIMIZATION_LEVEL = "-O";
				VALIDATE_PRODUCT = YES;
			};
			name = Release;
		};
		31368EC22231331000C89085 /* Debug */ = {
			isa = XCBuildConfiguration;
			baseConfigurationReference = 2805380B53589575CAA67E93 /* Pods-SDK iOS.debug.xcconfig */;
			buildSettings = {
				CODE_SIGN_STYLE = Automatic;
				DEVELOPMENT_TEAM = 36TX75ANSB;
				OTHER_LDFLAGS = "-ObjC";
				PRODUCT_NAME = "$(TARGET_NAME)";
				SKIP_INSTALL = YES;
				SWIFT_VERSION = 4.2;
				TARGETED_DEVICE_FAMILY = "1,2";
			};
			name = Debug;
		};
		31368EC32231331000C89085 /* Release */ = {
			isa = XCBuildConfiguration;
			baseConfigurationReference = D944F6C96192689150FA2FB8 /* Pods-SDK iOS.release.xcconfig */;
			buildSettings = {
				CODE_SIGN_STYLE = Automatic;
				DEVELOPMENT_TEAM = 36TX75ANSB;
				OTHER_LDFLAGS = "-ObjC";
				PRODUCT_NAME = "$(TARGET_NAME)";
				SKIP_INSTALL = YES;
				SWIFT_VERSION = 4.2;
				TARGETED_DEVICE_FAMILY = "1,2";
			};
			name = Release;
		};
/* End XCBuildConfiguration section */

/* Begin XCConfigurationList section */
		31368EB52231331000C89085 /* Build configuration list for PBXProject "SDK iOS" */ = {
			isa = XCConfigurationList;
			buildConfigurations = (
				31368EBF2231331000C89085 /* Debug */,
				31368EC02231331000C89085 /* Release */,
			);
			defaultConfigurationIsVisible = 0;
			defaultConfigurationName = Release;
		};
		31368EC12231331000C89085 /* Build configuration list for PBXNativeTarget "SDK iOS" */ = {
			isa = XCConfigurationList;
			buildConfigurations = (
				31368EC22231331000C89085 /* Debug */,
				31368EC32231331000C89085 /* Release */,
			);
			defaultConfigurationIsVisible = 0;
			defaultConfigurationName = Release;
		};
/* End XCConfigurationList section */

/* Begin XCVersionGroup section */
		31368ECA22316EB000C89085 /* Beacon.xcdatamodeld */ = {
			isa = XCVersionGroup;
			children = (
				31368ECB22316EB000C89085 /* Beacon.xcdatamodel */,
			);
			currentVersion = 31368ECB22316EB000C89085 /* Beacon.xcdatamodel */;
			path = Beacon.xcdatamodeld;
			sourceTree = "<group>";
			versionGroupType = wrapper.xcdatamodel;
		};
/* End XCVersionGroup section */
	};
	rootObject = 31368EB22231331000C89085 /* Project object */;
}
